{
  "name": "workspace-lucus",
  "lockfileVersion": 3,
  "requires": true,
  "packages": {
    "": {
      "dependencies": {
        "agent-browser": "^0.25.5"
      }
    },
    "node_modules/agent-browser": {
      "version": "0.25.5",
      "resolved": "https://registry.npmjs.org/agent-browser/-/agent-browser-0.25.5.tgz",
      "integrity": "sha512-i7ZHsnB0nZIfZoQj9xavTJNX9nckTVVcaaiWFAaOiEQgvGytzVjftA3PIdq0WiuGba8vsxsYH2XMHxs+9bJkIw==",
      "hasInstallScript": true,
      "license": "Apache-2.0",
      "bin": {
        "agent-browser": "bin/agent-browser.js"
      }
    }
  }
}
